
Microsoft Visual Studio Solution File, Format Version 12.00
# Visual Studio Version 17
VisualStudioVersion = 17.11.35219.272
MinimumVisualStudioVersion = 10.0.40219.1
Project("{888888A0-9F3D-457C-B088-3A5042F75D52}") = "Bài 3", "Bài 3\Bài 3.pyproj", "{3C211C93-FAC7-472C-B091-69BA40DF9AB4}"
EndProject
Global
	GlobalSection(SolutionConfigurationPlatforms) = preSolution
		Debug|Any CPU = Debug|Any CPU
		Release|Any CPU = Release|Any CPU
	EndGlobalSection
	GlobalSection(ProjectConfigurationPlatforms) = postSolution
		{3C211C93-FAC7-472C-B091-69BA40DF9AB4}.Debug|Any CPU.ActiveCfg = Debug|Any CPU
		{3C211C93-FAC7-472C-B091-69BA40DF9AB4}.Release|Any CPU.ActiveCfg = Release|Any CPU
	EndGlobalSection
	GlobalSection(SolutionProperties) = preSolution
		HideSolutionNode = FALSE
	EndGlobalSection
	GlobalSection(ExtensibilityGlobals) = postSolution
		SolutionGuid = {6B10A2EA-E171-45A6-A2B6-579CC89DE5C8}
	EndGlobalSection
EndGlobal
