
Microsoft Visual Studio Solution File, Format Version 12.00
# Visual Studio Version 17
VisualStudioVersion = 17.11.35312.102
MinimumVisualStudioVersion = 10.0.40219.1
Project("{888888A0-9F3D-457C-B088-3A5042F75D52}") = "Bài 6", "Bài 6\Bài 6.pyproj", "{FED53A68-A223-43F0-80AE-425660EE7D12}"
EndProject
Global
	GlobalSection(SolutionConfigurationPlatforms) = preSolution
		Debug|Any CPU = Debug|Any CPU
		Release|Any CPU = Release|Any CPU
	EndGlobalSection
	GlobalSection(ProjectConfigurationPlatforms) = postSolution
		{FED53A68-A223-43F0-80AE-425660EE7D12}.Debug|Any CPU.ActiveCfg = Debug|Any CPU
		{FED53A68-A223-43F0-80AE-425660EE7D12}.Release|Any CPU.ActiveCfg = Release|Any CPU
	EndGlobalSection
	GlobalSection(SolutionProperties) = preSolution
		HideSolutionNode = FALSE
	EndGlobalSection
	GlobalSection(ExtensibilityGlobals) = postSolution
		SolutionGuid = {B7C254FD-300F-4570-B4E5-E58AA9167C8E}
	EndGlobalSection
EndGlobal
