
Microsoft Visual Studio Solution File, Format Version 12.00
# Visual Studio Version 17
VisualStudioVersion = 17.11.35219.272
MinimumVisualStudioVersion = 10.0.40219.1
Project("{888888A0-9F3D-457C-B088-3A5042F75D52}") = "Bài 4", "Bài 4\Bài 4.pyproj", "{31B83AFB-8B60-40B6-B3C1-EB66C8EBB8E3}"
EndProject
Global
	GlobalSection(SolutionConfigurationPlatforms) = preSolution
		Debug|Any CPU = Debug|Any CPU
		Release|Any CPU = Release|Any CPU
	EndGlobalSection
	GlobalSection(ProjectConfigurationPlatforms) = postSolution
		{31B83AFB-8B60-40B6-B3C1-EB66C8EBB8E3}.Debug|Any CPU.ActiveCfg = Debug|Any CPU
		{31B83AFB-8B60-40B6-B3C1-EB66C8EBB8E3}.Release|Any CPU.ActiveCfg = Release|Any CPU
	EndGlobalSection
	GlobalSection(SolutionProperties) = preSolution
		HideSolutionNode = FALSE
	EndGlobalSection
	GlobalSection(ExtensibilityGlobals) = postSolution
		SolutionGuid = {3EFA5A5A-A7EE-42BE-BC3F-86EE8B243341}
	EndGlobalSection
EndGlobal
