
Microsoft Visual Studio Solution File, Format Version 12.00
# Visual Studio Version 17
VisualStudioVersion = 17.11.35312.102
MinimumVisualStudioVersion = 10.0.40219.1
Project("{888888A0-9F3D-457C-B088-3A5042F75D52}") = "Bài 3", "Bài 3\Bài 3.pyproj", "{A18CBD8D-4E23-49F9-BB86-C530689B1A61}"
EndProject
Global
	GlobalSection(SolutionConfigurationPlatforms) = preSolution
		Debug|Any CPU = Debug|Any CPU
		Release|Any CPU = Release|Any CPU
	EndGlobalSection
	GlobalSection(ProjectConfigurationPlatforms) = postSolution
		{A18CBD8D-4E23-49F9-BB86-C530689B1A61}.Debug|Any CPU.ActiveCfg = Debug|Any CPU
		{A18CBD8D-4E23-49F9-BB86-C530689B1A61}.Release|Any CPU.ActiveCfg = Release|Any CPU
	EndGlobalSection
	GlobalSection(SolutionProperties) = preSolution
		HideSolutionNode = FALSE
	EndGlobalSection
	GlobalSection(ExtensibilityGlobals) = postSolution
		SolutionGuid = {BE14A597-D5FA-405D-BEF7-A122BA91EA80}
	EndGlobalSection
EndGlobal
