
Microsoft Visual Studio Solution File, Format Version 12.00
# Visual Studio Version 17
VisualStudioVersion = 17.11.35219.272
MinimumVisualStudioVersion = 10.0.40219.1
Project("{888888A0-9F3D-457C-B088-3A5042F75D52}") = "Bài 9", "Bài 9\Bài 9.pyproj", "{8560B69C-1894-4A16-B040-32FA29E828DE}"
EndProject
Global
	GlobalSection(SolutionConfigurationPlatforms) = preSolution
		Debug|Any CPU = Debug|Any CPU
		Release|Any CPU = Release|Any CPU
	EndGlobalSection
	GlobalSection(ProjectConfigurationPlatforms) = postSolution
		{8560B69C-1894-4A16-B040-32FA29E828DE}.Debug|Any CPU.ActiveCfg = Debug|Any CPU
		{8560B69C-1894-4A16-B040-32FA29E828DE}.Release|Any CPU.ActiveCfg = Release|Any CPU
	EndGlobalSection
	GlobalSection(SolutionProperties) = preSolution
		HideSolutionNode = FALSE
	EndGlobalSection
	GlobalSection(ExtensibilityGlobals) = postSolution
		SolutionGuid = {1CD66734-1670-4CFC-9AC3-D179A0BF69FB}
	EndGlobalSection
EndGlobal
