
Microsoft Visual Studio Solution File, Format Version 12.00
# Visual Studio Version 17
VisualStudioVersion = 17.11.35219.272
MinimumVisualStudioVersion = 10.0.40219.1
Project("{888888A0-9F3D-457C-B088-3A5042F75D52}") = "Collection 1", "Collection 1\Collection 1.pyproj", "{31A40E99-994D-43CB-AE8A-EC91E4F6955D}"
EndProject
Global
	GlobalSection(SolutionConfigurationPlatforms) = preSolution
		Debug|Any CPU = Debug|Any CPU
		Release|Any CPU = Release|Any CPU
	EndGlobalSection
	GlobalSection(ProjectConfigurationPlatforms) = postSolution
		{31A40E99-994D-43CB-AE8A-EC91E4F6955D}.Debug|Any CPU.ActiveCfg = Debug|Any CPU
		{31A40E99-994D-43CB-AE8A-EC91E4F6955D}.Release|Any CPU.ActiveCfg = Release|Any CPU
	EndGlobalSection
	GlobalSection(SolutionProperties) = preSolution
		HideSolutionNode = FALSE
	EndGlobalSection
	GlobalSection(ExtensibilityGlobals) = postSolution
		SolutionGuid = {ECB8DF77-0E3D-4D9A-A99B-6579E4302E5C}
	EndGlobalSection
EndGlobal
