
Microsoft Visual Studio Solution File, Format Version 12.00
# Visual Studio Version 17
VisualStudioVersion = 17.11.35312.102
MinimumVisualStudioVersion = 10.0.40219.1
Project("{888888A0-9F3D-457C-B088-3A5042F75D52}") = "Bài 1", "Bài 1\Bài 1.pyproj", "{A9FB39F2-FF0E-4B47-A742-D77848CDE01B}"
EndProject
Global
	GlobalSection(SolutionConfigurationPlatforms) = preSolution
		Debug|Any CPU = Debug|Any CPU
		Release|Any CPU = Release|Any CPU
	EndGlobalSection
	GlobalSection(ProjectConfigurationPlatforms) = postSolution
		{A9FB39F2-FF0E-4B47-A742-D77848CDE01B}.Debug|Any CPU.ActiveCfg = Debug|Any CPU
		{A9FB39F2-FF0E-4B47-A742-D77848CDE01B}.Release|Any CPU.ActiveCfg = Release|Any CPU
	EndGlobalSection
	GlobalSection(SolutionProperties) = preSolution
		HideSolutionNode = FALSE
	EndGlobalSection
	GlobalSection(ExtensibilityGlobals) = postSolution
		SolutionGuid = {008C221C-6021-4073-9500-6557A554E724}
	EndGlobalSection
EndGlobal
