
Microsoft Visual Studio Solution File, Format Version 12.00
# Visual Studio Version 17
VisualStudioVersion = 17.11.35219.272
MinimumVisualStudioVersion = 10.0.40219.1
Project("{888888A0-9F3D-457C-B088-3A5042F75D52}") = "Xuất các số dương", "Xuất các số dương\Xuất các số dương.pyproj", "{AC1BDFB7-00EC-4679-AE8E-772991B7F176}"
EndProject
Global
	GlobalSection(SolutionConfigurationPlatforms) = preSolution
		Debug|Any CPU = Debug|Any CPU
		Release|Any CPU = Release|Any CPU
	EndGlobalSection
	GlobalSection(ProjectConfigurationPlatforms) = postSolution
		{AC1BDFB7-00EC-4679-AE8E-772991B7F176}.Debug|Any CPU.ActiveCfg = Debug|Any CPU
		{AC1BDFB7-00EC-4679-AE8E-772991B7F176}.Release|Any CPU.ActiveCfg = Release|Any CPU
	EndGlobalSection
	GlobalSection(SolutionProperties) = preSolution
		HideSolutionNode = FALSE
	EndGlobalSection
	GlobalSection(ExtensibilityGlobals) = postSolution
		SolutionGuid = {49D2953A-A935-48CB-84D0-500535804980}
	EndGlobalSection
EndGlobal
