
Microsoft Visual Studio Solution File, Format Version 12.00
# Visual Studio Version 17
VisualStudioVersion = 17.11.35219.272
MinimumVisualStudioVersion = 10.0.40219.1
Project("{888888A0-9F3D-457C-B088-3A5042F75D52}") = "Tính số nút", "Tính số nút\Tính số nút.pyproj", "{093AC998-C77A-4930-95B2-512E64DA61A3}"
EndProject
Global
	GlobalSection(SolutionConfigurationPlatforms) = preSolution
		Debug|Any CPU = Debug|Any CPU
		Release|Any CPU = Release|Any CPU
	EndGlobalSection
	GlobalSection(ProjectConfigurationPlatforms) = postSolution
		{093AC998-C77A-4930-95B2-512E64DA61A3}.Debug|Any CPU.ActiveCfg = Debug|Any CPU
		{093AC998-C77A-4930-95B2-512E64DA61A3}.Release|Any CPU.ActiveCfg = Release|Any CPU
	EndGlobalSection
	GlobalSection(SolutionProperties) = preSolution
		HideSolutionNode = FALSE
	EndGlobalSection
	GlobalSection(ExtensibilityGlobals) = postSolution
		SolutionGuid = {DD171541-FD3D-4848-AEB6-D3194D9CB396}
	EndGlobalSection
EndGlobal
