
Microsoft Visual Studio Solution File, Format Version 12.00
# Visual Studio Version 17
VisualStudioVersion = 17.11.35219.272
MinimumVisualStudioVersion = 10.0.40219.1
Project("{888888A0-9F3D-457C-B088-3A5042F75D52}") = "Bài 11", "Bài 11\Bài 11.pyproj", "{6C847182-BB4B-41AB-B1E8-5E3C3CB26E85}"
EndProject
Global
	GlobalSection(SolutionConfigurationPlatforms) = preSolution
		Debug|Any CPU = Debug|Any CPU
		Release|Any CPU = Release|Any CPU
	EndGlobalSection
	GlobalSection(ProjectConfigurationPlatforms) = postSolution
		{6C847182-BB4B-41AB-B1E8-5E3C3CB26E85}.Debug|Any CPU.ActiveCfg = Debug|Any CPU
		{6C847182-BB4B-41AB-B1E8-5E3C3CB26E85}.Release|Any CPU.ActiveCfg = Release|Any CPU
	EndGlobalSection
	GlobalSection(SolutionProperties) = preSolution
		HideSolutionNode = FALSE
	EndGlobalSection
	GlobalSection(ExtensibilityGlobals) = postSolution
		SolutionGuid = {11BC0199-1656-4093-A805-809267D2371C}
	EndGlobalSection
EndGlobal
