
Microsoft Visual Studio Solution File, Format Version 12.00
# Visual Studio Version 17
VisualStudioVersion = 17.11.35219.272
MinimumVisualStudioVersion = 10.0.40219.1
Project("{888888A0-9F3D-457C-B088-3A5042F75D52}") = "Bài 1", "Bài 1\Bài 1.pyproj", "{6C386C66-A8D0-4ABF-8D46-16BE8733EFB8}"
EndProject
Global
	GlobalSection(SolutionConfigurationPlatforms) = preSolution
		Debug|Any CPU = Debug|Any CPU
		Release|Any CPU = Release|Any CPU
	EndGlobalSection
	GlobalSection(ProjectConfigurationPlatforms) = postSolution
		{6C386C66-A8D0-4ABF-8D46-16BE8733EFB8}.Debug|Any CPU.ActiveCfg = Debug|Any CPU
		{6C386C66-A8D0-4ABF-8D46-16BE8733EFB8}.Release|Any CPU.ActiveCfg = Release|Any CPU
	EndGlobalSection
	GlobalSection(SolutionProperties) = preSolution
		HideSolutionNode = FALSE
	EndGlobalSection
	GlobalSection(ExtensibilityGlobals) = postSolution
		SolutionGuid = {24BAD6D3-BD4A-4D31-A03D-165FB8B27B05}
	EndGlobalSection
EndGlobal
