
Microsoft Visual Studio Solution File, Format Version 12.00
# Visual Studio Version 17
VisualStudioVersion = 17.11.35219.272
MinimumVisualStudioVersion = 10.0.40219.1
Project("{888888A0-9F3D-457C-B088-3A5042F75D52}") = "Tính tổng số nguyên trong chuỗi và check", "Tính tổng số nguyên trong chuỗi và check\Tính tổng số nguyên trong chuỗi và check.pyproj", "{4F14A922-C10D-400A-9B57-A194C38578AA}"
EndProject
Global
	GlobalSection(SolutionConfigurationPlatforms) = preSolution
		Debug|Any CPU = Debug|Any CPU
		Release|Any CPU = Release|Any CPU
	EndGlobalSection
	GlobalSection(ProjectConfigurationPlatforms) = postSolution
		{4F14A922-C10D-400A-9B57-A194C38578AA}.Debug|Any CPU.ActiveCfg = Debug|Any CPU
		{4F14A922-C10D-400A-9B57-A194C38578AA}.Release|Any CPU.ActiveCfg = Release|Any CPU
	EndGlobalSection
	GlobalSection(SolutionProperties) = preSolution
		HideSolutionNode = FALSE
	EndGlobalSection
	GlobalSection(ExtensibilityGlobals) = postSolution
		SolutionGuid = {3B419235-B553-4B26-BB24-FDA361377034}
	EndGlobalSection
EndGlobal
