
Microsoft Visual Studio Solution File, Format Version 12.00
# Visual Studio Version 17
VisualStudioVersion = 17.11.35219.272
MinimumVisualStudioVersion = 10.0.40219.1
Project("{888888A0-9F3D-457C-B088-3A5042F75D52}") = "Bài 13", "Bài 13\Bài 13.pyproj", "{EB9C292E-DC96-42DA-955D-DB865749F304}"
EndProject
Global
	GlobalSection(SolutionConfigurationPlatforms) = preSolution
		Debug|Any CPU = Debug|Any CPU
		Release|Any CPU = Release|Any CPU
	EndGlobalSection
	GlobalSection(ProjectConfigurationPlatforms) = postSolution
		{EB9C292E-DC96-42DA-955D-DB865749F304}.Debug|Any CPU.ActiveCfg = Debug|Any CPU
		{EB9C292E-DC96-42DA-955D-DB865749F304}.Release|Any CPU.ActiveCfg = Release|Any CPU
	EndGlobalSection
	GlobalSection(SolutionProperties) = preSolution
		HideSolutionNode = FALSE
	EndGlobalSection
	GlobalSection(ExtensibilityGlobals) = postSolution
		SolutionGuid = {C8CBE4AC-9B50-4792-8FDC-8ACEBDCF19D4}
	EndGlobalSection
EndGlobal
