
Microsoft Visual Studio Solution File, Format Version 12.00
# Visual Studio Version 17
VisualStudioVersion = 17.11.35219.272
MinimumVisualStudioVersion = 10.0.40219.1
Project("{888888A0-9F3D-457C-B088-3A5042F75D52}") = "Xuất số lớn nhì", "Xuất số lớn nhì\Xuất số lớn nhì.pyproj", "{18FA62BD-B4FB-4FD3-9FC6-4E91B03C3129}"
EndProject
Global
	GlobalSection(SolutionConfigurationPlatforms) = preSolution
		Debug|Any CPU = Debug|Any CPU
		Release|Any CPU = Release|Any CPU
	EndGlobalSection
	GlobalSection(ProjectConfigurationPlatforms) = postSolution
		{18FA62BD-B4FB-4FD3-9FC6-4E91B03C3129}.Debug|Any CPU.ActiveCfg = Debug|Any CPU
		{18FA62BD-B4FB-4FD3-9FC6-4E91B03C3129}.Release|Any CPU.ActiveCfg = Release|Any CPU
	EndGlobalSection
	GlobalSection(SolutionProperties) = preSolution
		HideSolutionNode = FALSE
	EndGlobalSection
	GlobalSection(ExtensibilityGlobals) = postSolution
		SolutionGuid = {E5FEFB92-C3D2-473B-A41C-64FFD225681B}
	EndGlobalSection
EndGlobal
