
Microsoft Visual Studio Solution File, Format Version 12.00
# Visual Studio Version 17
VisualStudioVersion = 17.11.35219.272
MinimumVisualStudioVersion = 10.0.40219.1
Project("{888888A0-9F3D-457C-B088-3A5042F75D52}") = "Baif 9", "Baif 9\Baif 9.pyproj", "{E289E928-8A18-40F7-89D3-E52992D98DC8}"
EndProject
Global
	GlobalSection(SolutionConfigurationPlatforms) = preSolution
		Debug|Any CPU = Debug|Any CPU
		Release|Any CPU = Release|Any CPU
	EndGlobalSection
	GlobalSection(ProjectConfigurationPlatforms) = postSolution
		{E289E928-8A18-40F7-89D3-E52992D98DC8}.Debug|Any CPU.ActiveCfg = Debug|Any CPU
		{E289E928-8A18-40F7-89D3-E52992D98DC8}.Release|Any CPU.ActiveCfg = Release|Any CPU
	EndGlobalSection
	GlobalSection(SolutionProperties) = preSolution
		HideSolutionNode = FALSE
	EndGlobalSection
	GlobalSection(ExtensibilityGlobals) = postSolution
		SolutionGuid = {44E55474-0389-4199-92C5-91AEC9349E06}
	EndGlobalSection
EndGlobal
