
Microsoft Visual Studio Solution File, Format Version 12.00
# Visual Studio Version 17
VisualStudioVersion = 17.11.35312.102
MinimumVisualStudioVersion = 10.0.40219.1
Project("{888888A0-9F3D-457C-B088-3A5042F75D52}") = "Bài 2", "Bài 2\Bài 2.pyproj", "{E5AE28A5-3E4F-4E66-AE94-7BB2F6344511}"
EndProject
Global
	GlobalSection(SolutionConfigurationPlatforms) = preSolution
		Debug|Any CPU = Debug|Any CPU
		Release|Any CPU = Release|Any CPU
	EndGlobalSection
	GlobalSection(ProjectConfigurationPlatforms) = postSolution
		{E5AE28A5-3E4F-4E66-AE94-7BB2F6344511}.Debug|Any CPU.ActiveCfg = Debug|Any CPU
		{E5AE28A5-3E4F-4E66-AE94-7BB2F6344511}.Release|Any CPU.ActiveCfg = Release|Any CPU
	EndGlobalSection
	GlobalSection(SolutionProperties) = preSolution
		HideSolutionNode = FALSE
	EndGlobalSection
	GlobalSection(ExtensibilityGlobals) = postSolution
		SolutionGuid = {62F854D5-8B73-4EEF-A817-6492D29CD87C}
	EndGlobalSection
EndGlobal
