
Microsoft Visual Studio Solution File, Format Version 12.00
# Visual Studio Version 17
VisualStudioVersion = 17.11.35312.102
MinimumVisualStudioVersion = 10.0.40219.1
Project("{888888A0-9F3D-457C-B088-3A5042F75D52}") = "Bài 5", "Bài 5\Bài 5.pyproj", "{3301A462-0936-4EF4-B617-A68E549E8A45}"
EndProject
Global
	GlobalSection(SolutionConfigurationPlatforms) = preSolution
		Debug|Any CPU = Debug|Any CPU
		Release|Any CPU = Release|Any CPU
	EndGlobalSection
	GlobalSection(ProjectConfigurationPlatforms) = postSolution
		{3301A462-0936-4EF4-B617-A68E549E8A45}.Debug|Any CPU.ActiveCfg = Debug|Any CPU
		{3301A462-0936-4EF4-B617-A68E549E8A45}.Release|Any CPU.ActiveCfg = Release|Any CPU
	EndGlobalSection
	GlobalSection(SolutionProperties) = preSolution
		HideSolutionNode = FALSE
	EndGlobalSection
	GlobalSection(ExtensibilityGlobals) = postSolution
		SolutionGuid = {E10F0F9D-DC9B-42AE-9B66-2A7B10F38A7E}
	EndGlobalSection
EndGlobal
