
Microsoft Visual Studio Solution File, Format Version 12.00
# Visual Studio Version 17
VisualStudioVersion = 17.11.35219.272
MinimumVisualStudioVersion = 10.0.40219.1
Project("{888888A0-9F3D-457C-B088-3A5042F75D52}") = "Tính tổng các số dương", "Tính tổng các số dương\Tính tổng các số dương.pyproj", "{10D74F5F-BCAE-422D-AF95-39A5E5DAFE41}"
EndProject
Global
	GlobalSection(SolutionConfigurationPlatforms) = preSolution
		Debug|Any CPU = Debug|Any CPU
		Release|Any CPU = Release|Any CPU
	EndGlobalSection
	GlobalSection(ProjectConfigurationPlatforms) = postSolution
		{10D74F5F-BCAE-422D-AF95-39A5E5DAFE41}.Debug|Any CPU.ActiveCfg = Debug|Any CPU
		{10D74F5F-BCAE-422D-AF95-39A5E5DAFE41}.Release|Any CPU.ActiveCfg = Release|Any CPU
	EndGlobalSection
	GlobalSection(SolutionProperties) = preSolution
		HideSolutionNode = FALSE
	EndGlobalSection
	GlobalSection(ExtensibilityGlobals) = postSolution
		SolutionGuid = {CF35E3E0-DA89-40D9-9787-672F25077749}
	EndGlobalSection
EndGlobal
