
Microsoft Visual Studio Solution File, Format Version 12.00
# Visual Studio Version 17
VisualStudioVersion = 17.11.35219.272
MinimumVisualStudioVersion = 10.0.40219.1
Project("{888888A0-9F3D-457C-B088-3A5042F75D52}") = "Bài 13", "Bài 13\Bài 13.pyproj", "{17BD263F-382E-4767-82B3-B77440C0B0B7}"
EndProject
Global
	GlobalSection(SolutionConfigurationPlatforms) = preSolution
		Debug|Any CPU = Debug|Any CPU
		Release|Any CPU = Release|Any CPU
	EndGlobalSection
	GlobalSection(ProjectConfigurationPlatforms) = postSolution
		{17BD263F-382E-4767-82B3-B77440C0B0B7}.Debug|Any CPU.ActiveCfg = Debug|Any CPU
		{17BD263F-382E-4767-82B3-B77440C0B0B7}.Release|Any CPU.ActiveCfg = Release|Any CPU
	EndGlobalSection
	GlobalSection(SolutionProperties) = preSolution
		HideSolutionNode = FALSE
	EndGlobalSection
	GlobalSection(ExtensibilityGlobals) = postSolution
		SolutionGuid = {5FC2AB94-4EA8-4F70-AB15-79DDC4831382}
	EndGlobalSection
EndGlobal
