
Microsoft Visual Studio Solution File, Format Version 12.00
# Visual Studio Version 17
VisualStudioVersion = 17.11.35219.272
MinimumVisualStudioVersion = 10.0.40219.1
Project("{888888A0-9F3D-457C-B088-3A5042F75D52}") = "Bài 11", "Bài 11\Bài 11.pyproj", "{870F7715-DEFE-40C2-86D0-CC6FCA3B35CA}"
EndProject
Global
	GlobalSection(SolutionConfigurationPlatforms) = preSolution
		Debug|Any CPU = Debug|Any CPU
		Release|Any CPU = Release|Any CPU
	EndGlobalSection
	GlobalSection(ProjectConfigurationPlatforms) = postSolution
		{870F7715-DEFE-40C2-86D0-CC6FCA3B35CA}.Debug|Any CPU.ActiveCfg = Debug|Any CPU
		{870F7715-DEFE-40C2-86D0-CC6FCA3B35CA}.Release|Any CPU.ActiveCfg = Release|Any CPU
	EndGlobalSection
	GlobalSection(SolutionProperties) = preSolution
		HideSolutionNode = FALSE
	EndGlobalSection
	GlobalSection(ExtensibilityGlobals) = postSolution
		SolutionGuid = {8326A4F3-E406-43B6-9E00-965001090273}
	EndGlobalSection
EndGlobal
